
Microsoft Visual Studio Solution File, Format Version 12.00
# Visual Studio Version 16
VisualStudioVersion = 16.0.30320.27
MinimumVisualStudioVersion = 10.0.40219.1
Project("{FAE04EC0-301F-11D3-BF4B-00C04F79EFBC}") = "Code Challenge_Day 19 Interfaces", "Code Challenge_Day 19 Interfaces\Code Challenge_Day 19 Interfaces.csproj", "{339B9699-82CE-456E-9C31-F1D4BC5DAA2F}"
EndProject
Global
	GlobalSection(SolutionConfigurationPlatforms) = preSolution
		Debug|Any CPU = Debug|Any CPU
		Release|Any CPU = Release|Any CPU
	EndGlobalSection
	GlobalSection(ProjectConfigurationPlatforms) = postSolution
		{339B9699-82CE-456E-9C31-F1D4BC5DAA2F}.Debug|Any CPU.ActiveCfg = Debug|Any CPU
		{339B9699-82CE-456E-9C31-F1D4BC5DAA2F}.Debug|Any CPU.Build.0 = Debug|Any CPU
		{339B9699-82CE-456E-9C31-F1D4BC5DAA2F}.Release|Any CPU.ActiveCfg = Release|Any CPU
		{339B9699-82CE-456E-9C31-F1D4BC5DAA2F}.Release|Any CPU.Build.0 = Release|Any CPU
	EndGlobalSection
	GlobalSection(SolutionProperties) = preSolution
		HideSolutionNode = FALSE
	EndGlobalSection
	GlobalSection(ExtensibilityGlobals) = postSolution
		SolutionGuid = {A2275CEE-5202-4057-B304-0237E0174B3D}
	EndGlobalSection
EndGlobal
